
Microsoft Visual Studio Solution File, Format Version 12.00
# Visual Studio Version 16
VisualStudioVersion = 16.0.30330.147
MinimumVisualStudioVersion = 10.0.40219.1
Project("{FAE04EC0-301F-11D3-BF4B-00C04F79EFBC}") = "ParkingLotApplication", "ParkingLotApplication\ParkingLotApplication.csproj", "{8330EF52-A397-49AB-B8B6-E04A8040712A}"
EndProject
Project("{FAE04EC0-301F-11D3-BF4B-00C04F79EFBC}") = "ApplicationModelLayer", "ApplicationModelLayer\ApplicationModelLayer.csproj", "{D8A372A2-A5E2-4FF0-A446-834A9A0EE4CD}"
EndProject
Project("{FAE04EC0-301F-11D3-BF4B-00C04F79EFBC}") = "ApplicationServiceLayer", "ApplicationServiceLayer\ApplicationServiceLayer.csproj", "{D4EAB01B-28F5-4FD2-8C89-A48CCCDD2236}"
EndProject
Project("{FAE04EC0-301F-11D3-BF4B-00C04F79EFBC}") = "ApplicationRepositoryLayer", "ApplicationRepositoryLayer\ApplicationRepositoryLayer.csproj", "{5BCD2614-A675-4F89-B0B1-7F847D4048F9}"
EndProject
Global
	GlobalSection(SolutionConfigurationPlatforms) = preSolution
		Debug|Any CPU = Debug|Any CPU
		Release|Any CPU = Release|Any CPU
	EndGlobalSection
	GlobalSection(ProjectConfigurationPlatforms) = postSolution
		{8330EF52-A397-49AB-B8B6-E04A8040712A}.Debug|Any CPU.ActiveCfg = Debug|Any CPU
		{8330EF52-A397-49AB-B8B6-E04A8040712A}.Debug|Any CPU.Build.0 = Debug|Any CPU
		{8330EF52-A397-49AB-B8B6-E04A8040712A}.Release|Any CPU.ActiveCfg = Release|Any CPU
		{8330EF52-A397-49AB-B8B6-E04A8040712A}.Release|Any CPU.Build.0 = Release|Any CPU
		{D8A372A2-A5E2-4FF0-A446-834A9A0EE4CD}.Debug|Any CPU.ActiveCfg = Debug|Any CPU
		{D8A372A2-A5E2-4FF0-A446-834A9A0EE4CD}.Debug|Any CPU.Build.0 = Debug|Any CPU
		{D8A372A2-A5E2-4FF0-A446-834A9A0EE4CD}.Release|Any CPU.ActiveCfg = Release|Any CPU
		{D8A372A2-A5E2-4FF0-A446-834A9A0EE4CD}.Release|Any CPU.Build.0 = Release|Any CPU
		{D4EAB01B-28F5-4FD2-8C89-A48CCCDD2236}.Debug|Any CPU.ActiveCfg = Debug|Any CPU
		{D4EAB01B-28F5-4FD2-8C89-A48CCCDD2236}.Debug|Any CPU.Build.0 = Debug|Any CPU
		{D4EAB01B-28F5-4FD2-8C89-A48CCCDD2236}.Release|Any CPU.ActiveCfg = Release|Any CPU
		{D4EAB01B-28F5-4FD2-8C89-A48CCCDD2236}.Release|Any CPU.Build.0 = Release|Any CPU
		{5BCD2614-A675-4F89-B0B1-7F847D4048F9}.Debug|Any CPU.ActiveCfg = Debug|Any CPU
		{5BCD2614-A675-4F89-B0B1-7F847D4048F9}.Debug|Any CPU.Build.0 = Debug|Any CPU
		{5BCD2614-A675-4F89-B0B1-7F847D4048F9}.Release|Any CPU.ActiveCfg = Release|Any CPU
		{5BCD2614-A675-4F89-B0B1-7F847D4048F9}.Release|Any CPU.Build.0 = Release|Any CPU
	EndGlobalSection
	GlobalSection(SolutionProperties) = preSolution
		HideSolutionNode = FALSE
	EndGlobalSection
	GlobalSection(ExtensibilityGlobals) = postSolution
		SolutionGuid = {FA4E6550-DDB9-43D4-BA71-26AC0DFB48EC}
	EndGlobalSection
EndGlobal
